
Microsoft Visual Studio Solution File, Format Version 12.00
# Visual Studio Version 17
VisualStudioVersion = 17.11.35312.102
MinimumVisualStudioVersion = 10.0.40219.1
Project("{FAE04EC0-301F-11D3-BF4B-00C04F79EFBC}") = "DulceEncanto", "DulceEncanto.csproj", "{12816ED0-B137-4047-A904-3912CBE09B7F}"
EndProject
Global
	GlobalSection(SolutionConfigurationPlatforms) = preSolution
		Debug|Any CPU = Debug|Any CPU
		Release|Any CPU = Release|Any CPU
	EndGlobalSection
	GlobalSection(ProjectConfigurationPlatforms) = postSolution
		{12816ED0-B137-4047-A904-3912CBE09B7F}.Debug|Any CPU.ActiveCfg = Debug|Any CPU
		{12816ED0-B137-4047-A904-3912CBE09B7F}.Debug|Any CPU.Build.0 = Debug|Any CPU
		{12816ED0-B137-4047-A904-3912CBE09B7F}.Release|Any CPU.ActiveCfg = Release|Any CPU
		{12816ED0-B137-4047-A904-3912CBE09B7F}.Release|Any CPU.Build.0 = Release|Any CPU
	EndGlobalSection
	GlobalSection(SolutionProperties) = preSolution
		HideSolutionNode = FALSE
	EndGlobalSection
	GlobalSection(ExtensibilityGlobals) = postSolution
		SolutionGuid = {B078374C-6211-4E53-AD10-880A9011BFE7}
	EndGlobalSection
EndGlobal
